
Microsoft Visual Studio Solution File, Format Version 12.00
# Visual Studio Version 17
VisualStudioVersion = 17.9.34723.18
MinimumVisualStudioVersion = 10.0.40219.1
Project("{FAE04EC0-301F-11D3-BF4B-00C04F79EFBC}") = "ShopOnline", "ShopOnline.csproj", "{510DE447-2FFA-4604-B6AE-CB77A91C543F}"
EndProject
Global
	GlobalSection(SolutionConfigurationPlatforms) = preSolution
		Debug|Any CPU = Debug|Any CPU
		Release|Any CPU = Release|Any CPU
	EndGlobalSection
	GlobalSection(ProjectConfigurationPlatforms) = postSolution
		{510DE447-2FFA-4604-B6AE-CB77A91C543F}.Debug|Any CPU.ActiveCfg = Debug|Any CPU
		{510DE447-2FFA-4604-B6AE-CB77A91C543F}.Debug|Any CPU.Build.0 = Debug|Any CPU
		{510DE447-2FFA-4604-B6AE-CB77A91C543F}.Release|Any CPU.ActiveCfg = Release|Any CPU
		{510DE447-2FFA-4604-B6AE-CB77A91C543F}.Release|Any CPU.Build.0 = Release|Any CPU
	EndGlobalSection
	GlobalSection(SolutionProperties) = preSolution
		HideSolutionNode = FALSE
	EndGlobalSection
	GlobalSection(ExtensibilityGlobals) = postSolution
		SolutionGuid = {0611EC86-2F48-48FE-96C3-DBE69A1A6A46}
	EndGlobalSection
EndGlobal
